// !$*UTF8*$!
{
	archiveVersion = 1;
	classes = {
	};
	objectVersion = 56;
	objects = {

/* Begin PBXBuildFile section */
		463B97962B12395900302795 /* SavedPlacesView.swift in Sources */ = {isa = PBXBuildFile; fileRef = 463B97952B12395900302795 /* SavedPlacesView.swift */; };
		463B97982B1239EB00302795 /* SavedPlace.swift in Sources */ = {isa = PBXBuildFile; fileRef = 463B97972B1239EB00302795 /* SavedPlace.swift */; };
		463B979A2B13826F00302795 /* SavedPlacesView-ViewModel.swift in Sources */ = {isa = PBXBuildFile; fileRef = 463B97992B13826F00302795 /* SavedPlacesView-ViewModel.swift */; };
		46856CED2B10B0990030B4EA /* LocationManager.swift in Sources */ = {isa = PBXBuildFile; fileRef = 46856CEC2B10B0990030B4EA /* LocationManager.swift */; };
		46856CEF2B10B0A30030B4EA /* MapView-ViewModel.swift in Sources */ = {isa = PBXBuildFile; fileRef = 46856CEE2B10B0A30030B4EA /* MapView-ViewModel.swift */; };
		46856CF12B10B6170030B4EA /* AppDelegate.swift in Sources */ = {isa = PBXBuildFile; fileRef = 46856CF02B10B6170030B4EA /* AppDelegate.swift */; };
		46856CF32B10BAE10030B4EA /* NotificationManager.swift in Sources */ = {isa = PBXBuildFile; fileRef = 46856CF22B10BAE10030B4EA /* NotificationManager.swift */; };
		4699AF892B05239E004177E8 /* YouHaveArrived Watch App.app in Embed Watch Content */ = {isa = PBXBuildFile; fileRef = 4699AF882B05239E004177E8 /* YouHaveArrived Watch App.app */; settings = {ATTRIBUTES = (RemoveHeadersOnCopy, ); }; };
		4699AF8E2B05239E004177E8 /* YouHaveArrivedApp.swift in Sources */ = {isa = PBXBuildFile; fileRef = 4699AF8D2B05239E004177E8 /* YouHaveArrivedApp.swift */; };
		4699AF902B05239E004177E8 /* MapView.swift in Sources */ = {isa = PBXBuildFile; fileRef = 4699AF8F2B05239E004177E8 /* MapView.swift */; };
		4699AF922B05239F004177E8 /* Assets.xcassets in Resources */ = {isa = PBXBuildFile; fileRef = 4699AF912B05239F004177E8 /* Assets.xcassets */; };
		4699AF952B05239F004177E8 /* Preview Assets.xcassets in Resources */ = {isa = PBXBuildFile; fileRef = 4699AF942B05239F004177E8 /* Preview Assets.xcassets */; };
		46A5E99B2B12372B008A04D8 /* StartView.swift in Sources */ = {isa = PBXBuildFile; fileRef = 46A5E99A2B12372B008A04D8 /* StartView.swift */; };
/* End PBXBuildFile section */

/* Begin PBXContainerItemProxy section */
		4699AF8A2B05239E004177E8 /* PBXContainerItemProxy */ = {
			isa = PBXContainerItemProxy;
			containerPortal = 4699AF7C2B05239E004177E8 /* Project object */;
			proxyType = 1;
			remoteGlobalIDString = 4699AF872B05239E004177E8;
			remoteInfo = "YouHaveArrived Watch App";
		};
/* End PBXContainerItemProxy section */

/* Begin PBXCopyFilesBuildPhase section */
		4699AF9B2B05239F004177E8 /* Embed Watch Content */ = {
			isa = PBXCopyFilesBuildPhase;
			buildActionMask = 2147483647;
			dstPath = "$(CONTENTS_FOLDER_PATH)/Watch";
			dstSubfolderSpec = 16;
			files = (
				4699AF892B05239E004177E8 /* YouHaveArrived Watch App.app in Embed Watch Content */,
			);
			name = "Embed Watch Content";
			runOnlyForDeploymentPostprocessing = 0;
		};
/* End PBXCopyFilesBuildPhase section */

/* Begin PBXFileReference section */
		462A6E132B0AC08C00D2C858 /* ROADMAP.md */ = {isa = PBXFileReference; lastKnownFileType = net.daringfireball.markdown; path = ROADMAP.md; sourceTree = "<group>"; };
		463B97952B12395900302795 /* SavedPlacesView.swift */ = {isa = PBXFileReference; lastKnownFileType = sourcecode.swift; path = SavedPlacesView.swift; sourceTree = "<group>"; };
		463B97972B1239EB00302795 /* SavedPlace.swift */ = {isa = PBXFileReference; lastKnownFileType = sourcecode.swift; path = SavedPlace.swift; sourceTree = "<group>"; };
		463B97992B13826F00302795 /* SavedPlacesView-ViewModel.swift */ = {isa = PBXFileReference; lastKnownFileType = sourcecode.swift; path = "SavedPlacesView-ViewModel.swift"; sourceTree = "<group>"; };
		466F047A2B0666C200F34085 /* YouHaveArrived-Watch-App-Info.plist */ = {isa = PBXFileReference; lastKnownFileType = text.plist; path = "YouHaveArrived-Watch-App-Info.plist"; sourceTree = SOURCE_ROOT; };
		46856CEC2B10B0990030B4EA /* LocationManager.swift */ = {isa = PBXFileReference; lastKnownFileType = sourcecode.swift; path = LocationManager.swift; sourceTree = "<group>"; };
		46856CEE2B10B0A30030B4EA /* MapView-ViewModel.swift */ = {isa = PBXFileReference; lastKnownFileType = sourcecode.swift; path = "MapView-ViewModel.swift"; sourceTree = "<group>"; };
		46856CF02B10B6170030B4EA /* AppDelegate.swift */ = {isa = PBXFileReference; lastKnownFileType = sourcecode.swift; path = AppDelegate.swift; sourceTree = "<group>"; };
		46856CF22B10BAE10030B4EA /* NotificationManager.swift */ = {isa = PBXFileReference; lastKnownFileType = sourcecode.swift; path = NotificationManager.swift; sourceTree = "<group>"; };
		4699AF822B05239E004177E8 /* YouHaveArrived.app */ = {isa = PBXFileReference; explicitFileType = wrapper.application; includeInIndex = 0; path = YouHaveArrived.app; sourceTree = BUILT_PRODUCTS_DIR; };
		4699AF882B05239E004177E8 /* YouHaveArrived Watch App.app */ = {isa = PBXFileReference; explicitFileType = wrapper.application; includeInIndex = 0; path = "YouHaveArrived Watch App.app"; sourceTree = BUILT_PRODUCTS_DIR; };
		4699AF8D2B05239E004177E8 /* YouHaveArrivedApp.swift */ = {isa = PBXFileReference; lastKnownFileType = sourcecode.swift; path = YouHaveArrivedApp.swift; sourceTree = "<group>"; };
		4699AF8F2B05239E004177E8 /* MapView.swift */ = {isa = PBXFileReference; lastKnownFileType = sourcecode.swift; path = MapView.swift; sourceTree = "<group>"; };
		4699AF912B05239F004177E8 /* Assets.xcassets */ = {isa = PBXFileReference; lastKnownFileType = folder.assetcatalog; path = Assets.xcassets; sourceTree = "<group>"; };
		4699AF942B05239F004177E8 /* Preview Assets.xcassets */ = {isa = PBXFileReference; lastKnownFileType = folder.assetcatalog; path = "Preview Assets.xcassets"; sourceTree = "<group>"; };
		46A5E99A2B12372B008A04D8 /* StartView.swift */ = {isa = PBXFileReference; lastKnownFileType = sourcecode.swift; path = StartView.swift; sourceTree = "<group>"; };
/* End PBXFileReference section */

/* Begin PBXFrameworksBuildPhase section */
		4699AF852B05239E004177E8 /* Frameworks */ = {
			isa = PBXFrameworksBuildPhase;
			buildActionMask = 2147483647;
			files = (
			);
			runOnlyForDeploymentPostprocessing = 0;
		};
/* End PBXFrameworksBuildPhase section */

/* Begin PBXGroup section */
		4699AF7B2B05239E004177E8 = {
			isa = PBXGroup;
			children = (
				462A6E132B0AC08C00D2C858 /* ROADMAP.md */,
				4699AF8C2B05239E004177E8 /* YouHaveArrived Watch App */,
				4699AF832B05239E004177E8 /* Products */,
			);
			sourceTree = "<group>";
		};
		4699AF832B05239E004177E8 /* Products */ = {
			isa = PBXGroup;
			children = (
				4699AF822B05239E004177E8 /* YouHaveArrived.app */,
				4699AF882B05239E004177E8 /* YouHaveArrived Watch App.app */,
			);
			name = Products;
			sourceTree = "<group>";
		};
		4699AF8C2B05239E004177E8 /* YouHaveArrived Watch App */ = {
			isa = PBXGroup;
			children = (
				466F047A2B0666C200F34085 /* YouHaveArrived-Watch-App-Info.plist */,
				46A5E99A2B12372B008A04D8 /* StartView.swift */,
				4699AF8F2B05239E004177E8 /* MapView.swift */,
				46856CEE2B10B0A30030B4EA /* MapView-ViewModel.swift */,
				463B97952B12395900302795 /* SavedPlacesView.swift */,
				463B97992B13826F00302795 /* SavedPlacesView-ViewModel.swift */,
				4699AF912B05239F004177E8 /* Assets.xcassets */,
				4699AF932B05239F004177E8 /* Preview Content */,
				4699AF8D2B05239E004177E8 /* YouHaveArrivedApp.swift */,
				46856CF02B10B6170030B4EA /* AppDelegate.swift */,
				46856CF22B10BAE10030B4EA /* NotificationManager.swift */,
				46856CEC2B10B0990030B4EA /* LocationManager.swift */,
				463B97972B1239EB00302795 /* SavedPlace.swift */,
			);
			path = "YouHaveArrived Watch App";
			sourceTree = "<group>";
		};
		4699AF932B05239F004177E8 /* Preview Content */ = {
			isa = PBXGroup;
			children = (
				4699AF942B05239F004177E8 /* Preview Assets.xcassets */,
			);
			path = "Preview Content";
			sourceTree = "<group>";
		};
/* End PBXGroup section */

/* Begin PBXNativeTarget section */
		4699AF812B05239E004177E8 /* YouHaveArrived */ = {
			isa = PBXNativeTarget;
			buildConfigurationList = 4699AF9C2B05239F004177E8 /* Build configuration list for PBXNativeTarget "YouHaveArrived" */;
			buildPhases = (
				4699AF802B05239E004177E8 /* Resources */,
				4699AF9B2B05239F004177E8 /* Embed Watch Content */,
			);
			buildRules = (
			);
			dependencies = (
				4699AF8B2B05239E004177E8 /* PBXTargetDependency */,
			);
			name = YouHaveArrived;
			productName = YouHaveArrived;
			productReference = 4699AF822B05239E004177E8 /* YouHaveArrived.app */;
			productType = "com.apple.product-type.application.watchapp2-container";
		};
		4699AF872B05239E004177E8 /* YouHaveArrived Watch App */ = {
			isa = PBXNativeTarget;
			buildConfigurationList = 4699AF982B05239F004177E8 /* Build configuration list for PBXNativeTarget "YouHaveArrived Watch App" */;
			buildPhases = (
				4699AF842B05239E004177E8 /* Sources */,
				4699AF852B05239E004177E8 /* Frameworks */,
				4699AF862B05239E004177E8 /* Resources */,
			);
			buildRules = (
			);
			dependencies = (
			);
			name = "YouHaveArrived Watch App";
			productName = "YouHaveArrived Watch App";
			productReference = 4699AF882B05239E004177E8 /* YouHaveArrived Watch App.app */;
			productType = "com.apple.product-type.application";
		};
/* End PBXNativeTarget section */

/* Begin PBXProject section */
		4699AF7C2B05239E004177E8 /* Project object */ = {
			isa = PBXProject;
			attributes = {
				BuildIndependentTargetsInParallel = 1;
				LastSwiftUpdateCheck = 1500;
				LastUpgradeCheck = 1500;
				TargetAttributes = {
					4699AF812B05239E004177E8 = {
						CreatedOnToolsVersion = 15.0.1;
					};
					4699AF872B05239E004177E8 = {
						CreatedOnToolsVersion = 15.0.1;
					};
				};
			};
			buildConfigurationList = 4699AF7F2B05239E004177E8 /* Build configuration list for PBXProject "YouHaveArrived" */;
			compatibilityVersion = "Xcode 14.0";
			developmentRegion = en;
			hasScannedForEncodings = 0;
			knownRegions = (
				en,
				Base,
			);
			mainGroup = 4699AF7B2B05239E004177E8;
			productRefGroup = 4699AF832B05239E004177E8 /* Products */;
			projectDirPath = "";
			projectRoot = "";
			targets = (
				4699AF812B05239E004177E8 /* YouHaveArrived */,
				4699AF872B05239E004177E8 /* YouHaveArrived Watch App */,
			);
		};
/* End PBXProject section */

/* Begin PBXResourcesBuildPhase section */
		4699AF802B05239E004177E8 /* Resources */ = {
			isa = PBXResourcesBuildPhase;
			buildActionMask = 2147483647;
			files = (
			);
			runOnlyForDeploymentPostprocessing = 0;
		};
		4699AF862B05239E004177E8 /* Resources */ = {
			isa = PBXResourcesBuildPhase;
			buildActionMask = 2147483647;
			files = (
				4699AF952B05239F004177E8 /* Preview Assets.xcassets in Resources */,
				4699AF922B05239F004177E8 /* Assets.xcassets in Resources */,
			);
			runOnlyForDeploymentPostprocessing = 0;
		};
/* End PBXResourcesBuildPhase section */

/* Begin PBXSourcesBuildPhase section */
		4699AF842B05239E004177E8 /* Sources */ = {
			isa = PBXSourcesBuildPhase;
			buildActionMask = 2147483647;
			files = (
				46856CF32B10BAE10030B4EA /* NotificationManager.swift in Sources */,
				4699AF902B05239E004177E8 /* MapView.swift in Sources */,
				46856CEF2B10B0A30030B4EA /* MapView-ViewModel.swift in Sources */,
				4699AF8E2B05239E004177E8 /* YouHaveArrivedApp.swift in Sources */,
				463B97982B1239EB00302795 /* SavedPlace.swift in Sources */,
				46856CF12B10B6170030B4EA /* AppDelegate.swift in Sources */,
				46856CED2B10B0990030B4EA /* LocationManager.swift in Sources */,
				463B979A2B13826F00302795 /* SavedPlacesView-ViewModel.swift in Sources */,
				463B97962B12395900302795 /* SavedPlacesView.swift in Sources */,
				46A5E99B2B12372B008A04D8 /* StartView.swift in Sources */,
			);
			runOnlyForDeploymentPostprocessing = 0;
		};
/* End PBXSourcesBuildPhase section */

/* Begin PBXTargetDependency section */
		4699AF8B2B05239E004177E8 /* PBXTargetDependency */ = {
			isa = PBXTargetDependency;
			target = 4699AF872B05239E004177E8 /* YouHaveArrived Watch App */;
			targetProxy = 4699AF8A2B05239E004177E8 /* PBXContainerItemProxy */;
		};
/* End PBXTargetDependency section */

/* Begin XCBuildConfiguration section */
		4699AF962B05239F004177E8 /* Debug */ = {
			isa = XCBuildConfiguration;
			buildSettings = {
				ALWAYS_SEARCH_USER_PATHS = NO;
				ASSETCATALOG_COMPILER_GENERATE_SWIFT_ASSET_SYMBOL_EXTENSIONS = YES;
				CLANG_ANALYZER_NONNULL = YES;
				CLANG_ANALYZER_NUMBER_OBJECT_CONVERSION = YES_AGGRESSIVE;
				CLANG_CXX_LANGUAGE_STANDARD = "gnu++20";
				CLANG_ENABLE_MODULES = YES;
				CLANG_ENABLE_OBJC_ARC = YES;
				CLANG_ENABLE_OBJC_WEAK = YES;
				CLANG_WARN_BLOCK_CAPTURE_AUTORELEASING = YES;
				CLANG_WARN_BOOL_CONVERSION = YES;
				CLANG_WARN_COMMA = YES;
				CLANG_WARN_CONSTANT_CONVERSION = YES;
				CLANG_WARN_DEPRECATED_OBJC_IMPLEMENTATIONS = YES;
				CLANG_WARN_DIRECT_OBJC_ISA_USAGE = YES_ERROR;
				CLANG_WARN_DOCUMENTATION_COMMENTS = YES;
				CLANG_WARN_EMPTY_BODY = YES;
				CLANG_WARN_ENUM_CONVERSION = YES;
				CLANG_WARN_INFINITE_RECURSION = YES;
				CLANG_WARN_INT_CONVERSION = YES;
				CLANG_WARN_NON_LITERAL_NULL_CONVERSION = YES;
				CLANG_WARN_OBJC_IMPLICIT_RETAIN_SELF = YES;
				CLANG_WARN_OBJC_LITERAL_CONVERSION = YES;
				CLANG_WARN_OBJC_ROOT_CLASS = YES_ERROR;
				CLANG_WARN_QUOTED_INCLUDE_IN_FRAMEWORK_HEADER = YES;
				CLANG_WARN_RANGE_LOOP_ANALYSIS = YES;
				CLANG_WARN_STRICT_PROTOTYPES = YES;
				CLANG_WARN_SUSPICIOUS_MOVE = YES;
				CLANG_WARN_UNGUARDED_AVAILABILITY = YES_AGGRESSIVE;
				CLANG_WARN_UNREACHABLE_CODE = YES;
				CLANG_WARN__DUPLICATE_METHOD_MATCH = YES;
				COPY_PHASE_STRIP = NO;
				DEBUG_INFORMATION_FORMAT = dwarf;
				ENABLE_STRICT_OBJC_MSGSEND = YES;
				ENABLE_TESTABILITY = YES;
				ENABLE_USER_SCRIPT_SANDBOXING = YES;
				GCC_C_LANGUAGE_STANDARD = gnu17;
				GCC_DYNAMIC_NO_PIC = NO;
				GCC_NO_COMMON_BLOCKS = YES;
				GCC_OPTIMIZATION_LEVEL = 0;
				GCC_PREPROCESSOR_DEFINITIONS = (
					"DEBUG=1",
					"$(inherited)",
				);
				GCC_WARN_64_TO_32_BIT_CONVERSION = YES;
				GCC_WARN_ABOUT_RETURN_TYPE = YES_ERROR;
				GCC_WARN_UNDECLARED_SELECTOR = YES;
				GCC_WARN_UNINITIALIZED_AUTOS = YES_AGGRESSIVE;
				GCC_WARN_UNUSED_FUNCTION = YES;
				GCC_WARN_UNUSED_VARIABLE = YES;
				LOCALIZATION_PREFERS_STRING_CATALOGS = YES;
				MTL_ENABLE_DEBUG_INFO = INCLUDE_SOURCE;
				MTL_FAST_MATH = YES;
				ONLY_ACTIVE_ARCH = YES;
				SWIFT_ACTIVE_COMPILATION_CONDITIONS = "DEBUG $(inherited)";
				SWIFT_OPTIMIZATION_LEVEL = "-Onone";
			};
			name = Debug;
		};
		4699AF972B05239F004177E8 /* Release */ = {
			isa = XCBuildConfiguration;
			buildSettings = {
				ALWAYS_SEARCH_USER_PATHS = NO;
				ASSETCATALOG_COMPILER_GENERATE_SWIFT_ASSET_SYMBOL_EXTENSIONS = YES;
				CLANG_ANALYZER_NONNULL = YES;
				CLANG_ANALYZER_NUMBER_OBJECT_CONVERSION = YES_AGGRESSIVE;
				CLANG_CXX_LANGUAGE_STANDARD = "gnu++20";
				CLANG_ENABLE_MODULES = YES;
				CLANG_ENABLE_OBJC_ARC = YES;
				CLANG_ENABLE_OBJC_WEAK = YES;
				CLANG_WARN_BLOCK_CAPTURE_AUTORELEASING = YES;
				CLANG_WARN_BOOL_CONVERSION = YES;
				CLANG_WARN_COMMA = YES;
				CLANG_WARN_CONSTANT_CONVERSION = YES;
				CLANG_WARN_DEPRECATED_OBJC_IMPLEMENTATIONS = YES;
				CLANG_WARN_DIRECT_OBJC_ISA_USAGE = YES_ERROR;
				CLANG_WARN_DOCUMENTATION_COMMENTS = YES;
				CLANG_WARN_EMPTY_BODY = YES;
				CLANG_WARN_ENUM_CONVERSION = YES;
				CLANG_WARN_INFINITE_RECURSION = YES;
				CLANG_WARN_INT_CONVERSION = YES;
				CLANG_WARN_NON_LITERAL_NULL_CONVERSION = YES;
				CLANG_WARN_OBJC_IMPLICIT_RETAIN_SELF = YES;
				CLANG_WARN_OBJC_LITERAL_CONVERSION = YES;
				CLANG_WARN_OBJC_ROOT_CLASS = YES_ERROR;
				CLANG_WARN_QUOTED_INCLUDE_IN_FRAMEWORK_HEADER = YES;
				CLANG_WARN_RANGE_LOOP_ANALYSIS = YES;
				CLANG_WARN_STRICT_PROTOTYPES = YES;
				CLANG_WARN_SUSPICIOUS_MOVE = YES;
				CLANG_WARN_UNGUARDED_AVAILABILITY = YES_AGGRESSIVE;
				CLANG_WARN_UNREACHABLE_CODE = YES;
				CLANG_WARN__DUPLICATE_METHOD_MATCH = YES;
				COPY_PHASE_STRIP = NO;
				DEBUG_INFORMATION_FORMAT = "dwarf-with-dsym";
				ENABLE_NS_ASSERTIONS = NO;
				ENABLE_STRICT_OBJC_MSGSEND = YES;
				ENABLE_USER_SCRIPT_SANDBOXING = YES;
				GCC_C_LANGUAGE_STANDARD = gnu17;
				GCC_NO_COMMON_BLOCKS = YES;
				GCC_WARN_64_TO_32_BIT_CONVERSION = YES;
				GCC_WARN_ABOUT_RETURN_TYPE = YES_ERROR;
				GCC_WARN_UNDECLARED_SELECTOR = YES;
				GCC_WARN_UNINITIALIZED_AUTOS = YES_AGGRESSIVE;
				GCC_WARN_UNUSED_FUNCTION = YES;
				GCC_WARN_UNUSED_VARIABLE = YES;
				LOCALIZATION_PREFERS_STRING_CATALOGS = YES;
				MTL_ENABLE_DEBUG_INFO = NO;
				MTL_FAST_MATH = YES;
				SWIFT_COMPILATION_MODE = wholemodule;
			};
			name = Release;
		};
		4699AF992B05239F004177E8 /* Debug */ = {
			isa = XCBuildConfiguration;
			buildSettings = {
				ASSETCATALOG_COMPILER_APPICON_NAME = AppIcon;
				ASSETCATALOG_COMPILER_GLOBAL_ACCENT_COLOR_NAME = AccentColor;
				CODE_SIGN_STYLE = Automatic;
				CURRENT_PROJECT_VERSION = 2;
				DEVELOPMENT_ASSET_PATHS = "\"YouHaveArrived Watch App/Preview Content\"";
				DEVELOPMENT_TEAM = 7997G399U7;
				ENABLE_PREVIEWS = YES;
				GENERATE_INFOPLIST_FILE = YES;
				INFOPLIST_FILE = "YouHaveArrived-Watch-App-Info.plist";
				INFOPLIST_KEY_CFBundleDisplayName = YouHaveArrived;
				INFOPLIST_KEY_NSLocationAlwaysAndWhenInUseUsageDescription = "Required to trigger alarm when you arrive near to your set destination.";
				INFOPLIST_KEY_NSLocationAlwaysUsageDescription = "Required to trigger alarm when you arrive near to your set destination.";
				INFOPLIST_KEY_NSLocationWhenInUseUsageDescription = "Required to trigger alarm when you arrive near to your set destination.";
				INFOPLIST_KEY_UISupportedInterfaceOrientations = "UIInterfaceOrientationPortrait UIInterfaceOrientationPortraitUpsideDown";
				INFOPLIST_KEY_WKWatchOnly = YES;
				LD_RUNPATH_SEARCH_PATHS = (
					"$(inherited)",
					"@executable_path/Frameworks",
				);
				MARKETING_VERSION = 0.2;
				PRODUCT_BUNDLE_IDENTIFIER = duz.ie.YouHaveArrived.watchkitapp;
				PRODUCT_NAME = "$(TARGET_NAME)";
				SDKROOT = watchos;
				SKIP_INSTALL = YES;
				SWIFT_EMIT_LOC_STRINGS = YES;
				SWIFT_VERSION = 5.0;
				TARGETED_DEVICE_FAMILY = 4;
				WATCHOS_DEPLOYMENT_TARGET = 10.0;
			};
			name = Debug;
		};
		4699AF9A2B05239F004177E8 /* Release */ = {
			isa = XCBuildConfiguration;
			buildSettings = {
				ASSETCATALOG_COMPILER_APPICON_NAME = AppIcon;
				ASSETCATALOG_COMPILER_GLOBAL_ACCENT_COLOR_NAME = AccentColor;
				CODE_SIGN_STYLE = Automatic;
				CURRENT_PROJECT_VERSION = 2;
				DEVELOPMENT_ASSET_PATHS = "\"YouHaveArrived Watch App/Preview Content\"";
				DEVELOPMENT_TEAM = 7997G399U7;
				ENABLE_PREVIEWS = YES;
				GENERATE_INFOPLIST_FILE = YES;
				INFOPLIST_FILE = "YouHaveArrived-Watch-App-Info.plist";
				INFOPLIST_KEY_CFBundleDisplayName = YouHaveArrived;
				INFOPLIST_KEY_NSLocationAlwaysAndWhenInUseUsageDescription = "Required to trigger alarm when you arrive near to your set destination.";
				INFOPLIST_KEY_NSLocationAlwaysUsageDescription = "Required to trigger alarm when you arrive near to your set destination.";
				INFOPLIST_KEY_NSLocationWhenInUseUsageDescription = "Required to trigger alarm when you arrive near to your set destination.";
				INFOPLIST_KEY_UISupportedInterfaceOrientations = "UIInterfaceOrientationPortrait UIInterfaceOrientationPortraitUpsideDown";
				INFOPLIST_KEY_WKWatchOnly = YES;
				LD_RUNPATH_SEARCH_PATHS = (
					"$(inherited)",
					"@executable_path/Frameworks",
				);
				MARKETING_VERSION = 0.2;
				PRODUCT_BUNDLE_IDENTIFIER = duz.ie.YouHaveArrived.watchkitapp;
				PRODUCT_NAME = "$(TARGET_NAME)";
				SDKROOT = watchos;
				SKIP_INSTALL = YES;
				SWIFT_EMIT_LOC_STRINGS = YES;
				SWIFT_VERSION = 5.0;
				TARGETED_DEVICE_FAMILY = 4;
				VALIDATE_PRODUCT = YES;
				WATCHOS_DEPLOYMENT_TARGET = 10.0;
			};
			name = Release;
		};
		4699AF9D2B05239F004177E8 /* Debug */ = {
			isa = XCBuildConfiguration;
			buildSettings = {
				ALWAYS_EMBED_SWIFT_STANDARD_LIBRARIES = YES;
				CODE_SIGN_STYLE = Automatic;
				CURRENT_PROJECT_VERSION = 1;
				DEVELOPMENT_TEAM = 7997G399U7;
				INFOPLIST_KEY_CFBundleDisplayName = YouHaveArrived;
				MARKETING_VERSION = 1.0;
				PRODUCT_BUNDLE_IDENTIFIER = duz.ie.YouHaveArrived;
				PRODUCT_NAME = "$(TARGET_NAME)";
				SDKROOT = iphoneos;
				SWIFT_VERSION = 5.0;
			};
			name = Debug;
		};
		4699AF9E2B05239F004177E8 /* Release */ = {
			isa = XCBuildConfiguration;
			buildSettings = {
				ALWAYS_EMBED_SWIFT_STANDARD_LIBRARIES = YES;
				CODE_SIGN_STYLE = Automatic;
				CURRENT_PROJECT_VERSION = 1;
				DEVELOPMENT_TEAM = 7997G399U7;
				INFOPLIST_KEY_CFBundleDisplayName = YouHaveArrived;
				MARKETING_VERSION = 1.0;
				PRODUCT_BUNDLE_IDENTIFIER = duz.ie.YouHaveArrived;
				PRODUCT_NAME = "$(TARGET_NAME)";
				SDKROOT = iphoneos;
				SWIFT_VERSION = 5.0;
				VALIDATE_PRODUCT = YES;
			};
			name = Release;
		};
/* End XCBuildConfiguration section */

/* Begin XCConfigurationList section */
		4699AF7F2B05239E004177E8 /* Build configuration list for PBXProject "YouHaveArrived" */ = {
			isa = XCConfigurationList;
			buildConfigurations = (
				4699AF962B05239F004177E8 /* Debug */,
				4699AF972B05239F004177E8 /* Release */,
			);
			defaultConfigurationIsVisible = 0;
			defaultConfigurationName = Release;
		};
		4699AF982B05239F004177E8 /* Build configuration list for PBXNativeTarget "YouHaveArrived Watch App" */ = {
			isa = XCConfigurationList;
			buildConfigurations = (
				4699AF992B05239F004177E8 /* Debug */,
				4699AF9A2B05239F004177E8 /* Release */,
			);
			defaultConfigurationIsVisible = 0;
			defaultConfigurationName = Release;
		};
		4699AF9C2B05239F004177E8 /* Build configuration list for PBXNativeTarget "YouHaveArrived" */ = {
			isa = XCConfigurationList;
			buildConfigurations = (
				4699AF9D2B05239F004177E8 /* Debug */,
				4699AF9E2B05239F004177E8 /* Release */,
			);
			defaultConfigurationIsVisible = 0;
			defaultConfigurationName = Release;
		};
/* End XCConfigurationList section */
	};
	rootObject = 4699AF7C2B05239E004177E8 /* Project object */;
}
