// !$*UTF8*$!
{
	archiveVersion = 1;
	classes = {
	};
	objectVersion = 56;
	objects = {

/* Begin PBXBuildFile section */
		460DDB3D2B5AB8E600710220 /* ContentView.swift in Sources */ = {isa = PBXBuildFile; fileRef = 460DDB3C2B5AB8E600710220 /* ContentView.swift */; };
		460DDB3F2B5AB8F600710220 /* ContentViewViewModel.swift in Sources */ = {isa = PBXBuildFile; fileRef = 460DDB3E2B5AB8F600710220 /* ContentViewViewModel.swift */; };
		4612D2EF2B5A707200291B95 /* ContentViewViewModel.swift in Sources */ = {isa = PBXBuildFile; fileRef = 4612D2EE2B5A707200291B95 /* ContentViewViewModel.swift */; };
		46AC29C62B55A3C50087C7E4 /* YouHaveArrivedApp.swift in Sources */ = {isa = PBXBuildFile; fileRef = 46AC29C52B55A3C50087C7E4 /* YouHaveArrivedApp.swift */; };
		46AC29C82B55A3C50087C7E4 /* ContentView.swift in Sources */ = {isa = PBXBuildFile; fileRef = 46AC29C72B55A3C50087C7E4 /* ContentView.swift */; };
		46AC29CA2B55A3C60087C7E4 /* Assets.xcassets in Resources */ = {isa = PBXBuildFile; fileRef = 46AC29C92B55A3C60087C7E4 /* Assets.xcassets */; };
		46AC29CD2B55A3C60087C7E4 /* Preview Assets.xcassets in Resources */ = {isa = PBXBuildFile; fileRef = 46AC29CC2B55A3C60087C7E4 /* Preview Assets.xcassets */; };
		46AC29D32B55A3C60087C7E4 /* YouHaveArrived Watch App.app in Embed Watch Content */ = {isa = PBXBuildFile; fileRef = 46AC29D22B55A3C60087C7E4 /* YouHaveArrived Watch App.app */; settings = {ATTRIBUTES = (RemoveHeadersOnCopy, ); }; };
		46AC29DC2B55A3C70087C7E4 /* Assets.xcassets in Resources */ = {isa = PBXBuildFile; fileRef = 46AC29DB2B55A3C70087C7E4 /* Assets.xcassets */; };
		46AC29DF2B55A3C70087C7E4 /* Preview Assets.xcassets in Resources */ = {isa = PBXBuildFile; fileRef = 46AC29DE2B55A3C70087C7E4 /* Preview Assets.xcassets */; };
		46AC29F52B55A4130087C7E4 /* YouHaveArrivedApp.swift in Sources */ = {isa = PBXBuildFile; fileRef = 46AC29ED2B55A4130087C7E4 /* YouHaveArrivedApp.swift */; };
		46AC29F82B55A4130087C7E4 /* LocationManager.swift in Sources */ = {isa = PBXBuildFile; fileRef = 46AC29F02B55A4130087C7E4 /* LocationManager.swift */; };
		46C735E12B569AD500FD2039 /* ShareViewController.swift in Sources */ = {isa = PBXBuildFile; fileRef = 46C735E02B569AD500FD2039 /* ShareViewController.swift */; };
		46C735E82B569AD500FD2039 /* Share from Apple Maps.appex in Embed Foundation Extensions */ = {isa = PBXBuildFile; fileRef = 46C735DE2B569AD500FD2039 /* Share from Apple Maps.appex */; settings = {ATTRIBUTES = (RemoveHeadersOnCopy, ); }; };
		46C735EE2B569B1600FD2039 /* ShareExtensionView.swift in Sources */ = {isa = PBXBuildFile; fileRef = 46C735ED2B569B1600FD2039 /* ShareExtensionView.swift */; };
/* End PBXBuildFile section */

/* Begin PBXContainerItemProxy section */
		46AC29D42B55A3C60087C7E4 /* PBXContainerItemProxy */ = {
			isa = PBXContainerItemProxy;
			containerPortal = 46AC29BA2B55A3C40087C7E4 /* Project object */;
			proxyType = 1;
			remoteGlobalIDString = 46AC29D12B55A3C60087C7E4;
			remoteInfo = "YouHaveArrived Watch App";
		};
		46C735E62B569AD500FD2039 /* PBXContainerItemProxy */ = {
			isa = PBXContainerItemProxy;
			containerPortal = 46AC29BA2B55A3C40087C7E4 /* Project object */;
			proxyType = 1;
			remoteGlobalIDString = 46C735DD2B569AD500FD2039;
			remoteInfo = "Share from Apple Maps";
		};
/* End PBXContainerItemProxy section */

/* Begin PBXCopyFilesBuildPhase section */
		46AC29E52B55A3C70087C7E4 /* Embed Watch Content */ = {
			isa = PBXCopyFilesBuildPhase;
			buildActionMask = 2147483647;
			dstPath = "$(CONTENTS_FOLDER_PATH)/Watch";
			dstSubfolderSpec = 16;
			files = (
				46AC29D32B55A3C60087C7E4 /* YouHaveArrived Watch App.app in Embed Watch Content */,
			);
			name = "Embed Watch Content";
			runOnlyForDeploymentPostprocessing = 0;
		};
		46C735E92B569AD500FD2039 /* Embed Foundation Extensions */ = {
			isa = PBXCopyFilesBuildPhase;
			buildActionMask = 2147483647;
			dstPath = "";
			dstSubfolderSpec = 13;
			files = (
				46C735E82B569AD500FD2039 /* Share from Apple Maps.appex in Embed Foundation Extensions */,
			);
			name = "Embed Foundation Extensions";
			runOnlyForDeploymentPostprocessing = 0;
		};
/* End PBXCopyFilesBuildPhase section */

/* Begin PBXFileReference section */
		460DDB3C2B5AB8E600710220 /* ContentView.swift */ = {isa = PBXFileReference; lastKnownFileType = sourcecode.swift; path = ContentView.swift; sourceTree = "<group>"; };
		460DDB3E2B5AB8F600710220 /* ContentViewViewModel.swift */ = {isa = PBXFileReference; lastKnownFileType = sourcecode.swift; path = ContentViewViewModel.swift; sourceTree = "<group>"; };
		4612D2EE2B5A707200291B95 /* ContentViewViewModel.swift */ = {isa = PBXFileReference; lastKnownFileType = sourcecode.swift; path = ContentViewViewModel.swift; sourceTree = "<group>"; };
		46AC29C22B55A3C50087C7E4 /* YouHaveArrived.app */ = {isa = PBXFileReference; explicitFileType = wrapper.application; includeInIndex = 0; path = YouHaveArrived.app; sourceTree = BUILT_PRODUCTS_DIR; };
		46AC29C52B55A3C50087C7E4 /* YouHaveArrivedApp.swift */ = {isa = PBXFileReference; lastKnownFileType = sourcecode.swift; path = YouHaveArrivedApp.swift; sourceTree = "<group>"; };
		46AC29C72B55A3C50087C7E4 /* ContentView.swift */ = {isa = PBXFileReference; lastKnownFileType = sourcecode.swift; path = ContentView.swift; sourceTree = "<group>"; };
		46AC29C92B55A3C60087C7E4 /* Assets.xcassets */ = {isa = PBXFileReference; lastKnownFileType = folder.assetcatalog; path = Assets.xcassets; sourceTree = "<group>"; };
		46AC29CC2B55A3C60087C7E4 /* Preview Assets.xcassets */ = {isa = PBXFileReference; lastKnownFileType = folder.assetcatalog; path = "Preview Assets.xcassets"; sourceTree = "<group>"; };
		46AC29D22B55A3C60087C7E4 /* YouHaveArrived Watch App.app */ = {isa = PBXFileReference; explicitFileType = wrapper.application; includeInIndex = 0; path = "YouHaveArrived Watch App.app"; sourceTree = BUILT_PRODUCTS_DIR; };
		46AC29DB2B55A3C70087C7E4 /* Assets.xcassets */ = {isa = PBXFileReference; lastKnownFileType = folder.assetcatalog; path = Assets.xcassets; sourceTree = "<group>"; };
		46AC29DE2B55A3C70087C7E4 /* Preview Assets.xcassets */ = {isa = PBXFileReference; lastKnownFileType = folder.assetcatalog; path = "Preview Assets.xcassets"; sourceTree = "<group>"; };
		46AC29ED2B55A4130087C7E4 /* YouHaveArrivedApp.swift */ = {isa = PBXFileReference; fileEncoding = 4; lastKnownFileType = sourcecode.swift; path = YouHaveArrivedApp.swift; sourceTree = "<group>"; };
		46AC29F02B55A4130087C7E4 /* LocationManager.swift */ = {isa = PBXFileReference; fileEncoding = 4; lastKnownFileType = sourcecode.swift; path = LocationManager.swift; sourceTree = "<group>"; };
		46AC29F92B55AAED0087C7E4 /* YouHaveArrived-Watch-App-Info.plist */ = {isa = PBXFileReference; lastKnownFileType = text.plist; path = "YouHaveArrived-Watch-App-Info.plist"; sourceTree = SOURCE_ROOT; };
		46AC29FA2B55AAF10087C7E4 /* Info.plist */ = {isa = PBXFileReference; lastKnownFileType = text.plist; path = Info.plist; sourceTree = "<group>"; };
		46C735DE2B569AD500FD2039 /* Share from Apple Maps.appex */ = {isa = PBXFileReference; explicitFileType = "wrapper.app-extension"; includeInIndex = 0; path = "Share from Apple Maps.appex"; sourceTree = BUILT_PRODUCTS_DIR; };
		46C735E02B569AD500FD2039 /* ShareViewController.swift */ = {isa = PBXFileReference; lastKnownFileType = sourcecode.swift; path = ShareViewController.swift; sourceTree = "<group>"; };
		46C735E52B569AD500FD2039 /* Info.plist */ = {isa = PBXFileReference; lastKnownFileType = text.plist.xml; path = Info.plist; sourceTree = "<group>"; };
		46C735ED2B569B1600FD2039 /* ShareExtensionView.swift */ = {isa = PBXFileReference; lastKnownFileType = sourcecode.swift; path = ShareExtensionView.swift; sourceTree = "<group>"; };
/* End PBXFileReference section */

/* Begin PBXFrameworksBuildPhase section */
		46AC29BF2B55A3C50087C7E4 /* Frameworks */ = {
			isa = PBXFrameworksBuildPhase;
			buildActionMask = 2147483647;
			files = (
			);
			runOnlyForDeploymentPostprocessing = 0;
		};
		46AC29CF2B55A3C60087C7E4 /* Frameworks */ = {
			isa = PBXFrameworksBuildPhase;
			buildActionMask = 2147483647;
			files = (
			);
			runOnlyForDeploymentPostprocessing = 0;
		};
		46C735DB2B569AD500FD2039 /* Frameworks */ = {
			isa = PBXFrameworksBuildPhase;
			buildActionMask = 2147483647;
			files = (
			);
			runOnlyForDeploymentPostprocessing = 0;
		};
/* End PBXFrameworksBuildPhase section */

/* Begin PBXGroup section */
		460DDB392B5AB89400710220 /* ViewModel */ = {
			isa = PBXGroup;
			children = (
				460DDB3E2B5AB8F600710220 /* ContentViewViewModel.swift */,
			);
			path = ViewModel;
			sourceTree = "<group>";
		};
		460DDB3A2B5AB8A200710220 /* View */ = {
			isa = PBXGroup;
			children = (
				460DDB3C2B5AB8E600710220 /* ContentView.swift */,
			);
			path = View;
			sourceTree = "<group>";
		};
		460DDB3B2B5AB8A800710220 /* Model */ = {
			isa = PBXGroup;
			children = (
			);
			path = Model;
			sourceTree = "<group>";
		};
		4612D2EA2B5A6FDF00291B95 /* ViewModel */ = {
			isa = PBXGroup;
			children = (
				4612D2EE2B5A707200291B95 /* ContentViewViewModel.swift */,
			);
			path = ViewModel;
			sourceTree = "<group>";
		};
		4612D2EB2B5A6FEE00291B95 /* View */ = {
			isa = PBXGroup;
			children = (
				46AC29C72B55A3C50087C7E4 /* ContentView.swift */,
			);
			path = View;
			sourceTree = "<group>";
		};
		46AC29B92B55A3C40087C7E4 = {
			isa = PBXGroup;
			children = (
				46AC29C42B55A3C50087C7E4 /* YouHaveArrived */,
				46AC29D62B55A3C60087C7E4 /* YouHaveArrived Watch App */,
				46C735DF2B569AD500FD2039 /* Share from Apple Maps */,
				46AC29C32B55A3C50087C7E4 /* Products */,
			);
			sourceTree = "<group>";
		};
		46AC29C32B55A3C50087C7E4 /* Products */ = {
			isa = PBXGroup;
			children = (
				46AC29C22B55A3C50087C7E4 /* YouHaveArrived.app */,
				46AC29D22B55A3C60087C7E4 /* YouHaveArrived Watch App.app */,
				46C735DE2B569AD500FD2039 /* Share from Apple Maps.appex */,
			);
			name = Products;
			sourceTree = "<group>";
		};
		46AC29C42B55A3C50087C7E4 /* YouHaveArrived */ = {
			isa = PBXGroup;
			children = (
				46AC29C52B55A3C50087C7E4 /* YouHaveArrivedApp.swift */,
				4612D2EB2B5A6FEE00291B95 /* View */,
				4612D2EA2B5A6FDF00291B95 /* ViewModel */,
				46AC29FA2B55AAF10087C7E4 /* Info.plist */,
				46AC29C92B55A3C60087C7E4 /* Assets.xcassets */,
				46AC29CB2B55A3C60087C7E4 /* Preview Content */,
			);
			path = YouHaveArrived;
			sourceTree = "<group>";
		};
		46AC29CB2B55A3C60087C7E4 /* Preview Content */ = {
			isa = PBXGroup;
			children = (
				46AC29CC2B55A3C60087C7E4 /* Preview Assets.xcassets */,
			);
			path = "Preview Content";
			sourceTree = "<group>";
		};
		46AC29D62B55A3C60087C7E4 /* YouHaveArrived Watch App */ = {
			isa = PBXGroup;
			children = (
				46AC29ED2B55A4130087C7E4 /* YouHaveArrivedApp.swift */,
				46AC29F02B55A4130087C7E4 /* LocationManager.swift */,
				460DDB3B2B5AB8A800710220 /* Model */,
				460DDB3A2B5AB8A200710220 /* View */,
				460DDB392B5AB89400710220 /* ViewModel */,
				46AC29F92B55AAED0087C7E4 /* YouHaveArrived-Watch-App-Info.plist */,
				46AC29DB2B55A3C70087C7E4 /* Assets.xcassets */,
				46AC29DD2B55A3C70087C7E4 /* Preview Content */,
			);
			path = "YouHaveArrived Watch App";
			sourceTree = "<group>";
		};
		46AC29DD2B55A3C70087C7E4 /* Preview Content */ = {
			isa = PBXGroup;
			children = (
				46AC29DE2B55A3C70087C7E4 /* Preview Assets.xcassets */,
			);
			path = "Preview Content";
			sourceTree = "<group>";
		};
		46C735DF2B569AD500FD2039 /* Share from Apple Maps */ = {
			isa = PBXGroup;
			children = (
				46C735E02B569AD500FD2039 /* ShareViewController.swift */,
				46C735E52B569AD500FD2039 /* Info.plist */,
				46C735ED2B569B1600FD2039 /* ShareExtensionView.swift */,
			);
			path = "Share from Apple Maps";
			sourceTree = "<group>";
		};
/* End PBXGroup section */

/* Begin PBXNativeTarget section */
		46AC29C12B55A3C50087C7E4 /* YouHaveArrived */ = {
			isa = PBXNativeTarget;
			buildConfigurationList = 46AC29E62B55A3C70087C7E4 /* Build configuration list for PBXNativeTarget "YouHaveArrived" */;
			buildPhases = (
				46AC29BE2B55A3C50087C7E4 /* Sources */,
				46AC29BF2B55A3C50087C7E4 /* Frameworks */,
				46AC29C02B55A3C50087C7E4 /* Resources */,
				46AC29E52B55A3C70087C7E4 /* Embed Watch Content */,
				46C735E92B569AD500FD2039 /* Embed Foundation Extensions */,
			);
			buildRules = (
			);
			dependencies = (
				46AC29D52B55A3C60087C7E4 /* PBXTargetDependency */,
				46C735E72B569AD500FD2039 /* PBXTargetDependency */,
			);
			name = YouHaveArrived;
			productName = YouHaveArrived;
			productReference = 46AC29C22B55A3C50087C7E4 /* YouHaveArrived.app */;
			productType = "com.apple.product-type.application";
		};
		46AC29D12B55A3C60087C7E4 /* YouHaveArrived Watch App */ = {
			isa = PBXNativeTarget;
			buildConfigurationList = 46AC29E22B55A3C70087C7E4 /* Build configuration list for PBXNativeTarget "YouHaveArrived Watch App" */;
			buildPhases = (
				46AC29CE2B55A3C60087C7E4 /* Sources */,
				46AC29CF2B55A3C60087C7E4 /* Frameworks */,
				46AC29D02B55A3C60087C7E4 /* Resources */,
			);
			buildRules = (
			);
			dependencies = (
			);
			name = "YouHaveArrived Watch App";
			productName = "YouHaveArrived Watch App";
			productReference = 46AC29D22B55A3C60087C7E4 /* YouHaveArrived Watch App.app */;
			productType = "com.apple.product-type.application";
		};
		46C735DD2B569AD500FD2039 /* Share from Apple Maps */ = {
			isa = PBXNativeTarget;
			buildConfigurationList = 46C735EC2B569AD500FD2039 /* Build configuration list for PBXNativeTarget "Share from Apple Maps" */;
			buildPhases = (
				46C735DA2B569AD500FD2039 /* Sources */,
				46C735DB2B569AD500FD2039 /* Frameworks */,
				46C735DC2B569AD500FD2039 /* Resources */,
			);
			buildRules = (
			);
			dependencies = (
			);
			name = "Share from Apple Maps";
			productName = "Share from Apple Maps";
			productReference = 46C735DE2B569AD500FD2039 /* Share from Apple Maps.appex */;
			productType = "com.apple.product-type.app-extension";
		};
/* End PBXNativeTarget section */

/* Begin PBXProject section */
		46AC29BA2B55A3C40087C7E4 /* Project object */ = {
			isa = PBXProject;
			attributes = {
				BuildIndependentTargetsInParallel = 1;
				LastSwiftUpdateCheck = 1520;
				LastUpgradeCheck = 1520;
				TargetAttributes = {
					46AC29C12B55A3C50087C7E4 = {
						CreatedOnToolsVersion = 15.2;
					};
					46AC29D12B55A3C60087C7E4 = {
						CreatedOnToolsVersion = 15.2;
						LastSwiftMigration = 1520;
					};
					46C735DD2B569AD500FD2039 = {
						CreatedOnToolsVersion = 15.2;
					};
				};
			};
			buildConfigurationList = 46AC29BD2B55A3C40087C7E4 /* Build configuration list for PBXProject "YouHaveArrived" */;
			compatibilityVersion = "Xcode 14.0";
			developmentRegion = en;
			hasScannedForEncodings = 0;
			knownRegions = (
				en,
				Base,
			);
			mainGroup = 46AC29B92B55A3C40087C7E4;
			productRefGroup = 46AC29C32B55A3C50087C7E4 /* Products */;
			projectDirPath = "";
			projectRoot = "";
			targets = (
				46AC29C12B55A3C50087C7E4 /* YouHaveArrived */,
				46AC29D12B55A3C60087C7E4 /* YouHaveArrived Watch App */,
				46C735DD2B569AD500FD2039 /* Share from Apple Maps */,
			);
		};
/* End PBXProject section */

/* Begin PBXResourcesBuildPhase section */
		46AC29C02B55A3C50087C7E4 /* Resources */ = {
			isa = PBXResourcesBuildPhase;
			buildActionMask = 2147483647;
			files = (
				46AC29CD2B55A3C60087C7E4 /* Preview Assets.xcassets in Resources */,
				46AC29CA2B55A3C60087C7E4 /* Assets.xcassets in Resources */,
			);
			runOnlyForDeploymentPostprocessing = 0;
		};
		46AC29D02B55A3C60087C7E4 /* Resources */ = {
			isa = PBXResourcesBuildPhase;
			buildActionMask = 2147483647;
			files = (
				46AC29DF2B55A3C70087C7E4 /* Preview Assets.xcassets in Resources */,
				46AC29DC2B55A3C70087C7E4 /* Assets.xcassets in Resources */,
			);
			runOnlyForDeploymentPostprocessing = 0;
		};
		46C735DC2B569AD500FD2039 /* Resources */ = {
			isa = PBXResourcesBuildPhase;
			buildActionMask = 2147483647;
			files = (
			);
			runOnlyForDeploymentPostprocessing = 0;
		};
/* End PBXResourcesBuildPhase section */

/* Begin PBXSourcesBuildPhase section */
		46AC29BE2B55A3C50087C7E4 /* Sources */ = {
			isa = PBXSourcesBuildPhase;
			buildActionMask = 2147483647;
			files = (
				46AC29C82B55A3C50087C7E4 /* ContentView.swift in Sources */,
				46AC29C62B55A3C50087C7E4 /* YouHaveArrivedApp.swift in Sources */,
				4612D2EF2B5A707200291B95 /* ContentViewViewModel.swift in Sources */,
			);
			runOnlyForDeploymentPostprocessing = 0;
		};
		46AC29CE2B55A3C60087C7E4 /* Sources */ = {
			isa = PBXSourcesBuildPhase;
			buildActionMask = 2147483647;
			files = (
				46AC29F82B55A4130087C7E4 /* LocationManager.swift in Sources */,
				460DDB3D2B5AB8E600710220 /* ContentView.swift in Sources */,
				46AC29F52B55A4130087C7E4 /* YouHaveArrivedApp.swift in Sources */,
				460DDB3F2B5AB8F600710220 /* ContentViewViewModel.swift in Sources */,
			);
			runOnlyForDeploymentPostprocessing = 0;
		};
		46C735DA2B569AD500FD2039 /* Sources */ = {
			isa = PBXSourcesBuildPhase;
			buildActionMask = 2147483647;
			files = (
				46C735EE2B569B1600FD2039 /* ShareExtensionView.swift in Sources */,
				46C735E12B569AD500FD2039 /* ShareViewController.swift in Sources */,
			);
			runOnlyForDeploymentPostprocessing = 0;
		};
/* End PBXSourcesBuildPhase section */

/* Begin PBXTargetDependency section */
		46AC29D52B55A3C60087C7E4 /* PBXTargetDependency */ = {
			isa = PBXTargetDependency;
			target = 46AC29D12B55A3C60087C7E4 /* YouHaveArrived Watch App */;
			targetProxy = 46AC29D42B55A3C60087C7E4 /* PBXContainerItemProxy */;
		};
		46C735E72B569AD500FD2039 /* PBXTargetDependency */ = {
			isa = PBXTargetDependency;
			target = 46C735DD2B569AD500FD2039 /* Share from Apple Maps */;
			targetProxy = 46C735E62B569AD500FD2039 /* PBXContainerItemProxy */;
		};
/* End PBXTargetDependency section */

/* Begin XCBuildConfiguration section */
		46AC29E02B55A3C70087C7E4 /* Debug */ = {
			isa = XCBuildConfiguration;
			buildSettings = {
				ALWAYS_SEARCH_USER_PATHS = NO;
				ASSETCATALOG_COMPILER_GENERATE_SWIFT_ASSET_SYMBOL_EXTENSIONS = YES;
				CLANG_ANALYZER_NONNULL = YES;
				CLANG_ANALYZER_NUMBER_OBJECT_CONVERSION = YES_AGGRESSIVE;
				CLANG_CXX_LANGUAGE_STANDARD = "gnu++20";
				CLANG_ENABLE_MODULES = YES;
				CLANG_ENABLE_OBJC_ARC = YES;
				CLANG_ENABLE_OBJC_WEAK = YES;
				CLANG_WARN_BLOCK_CAPTURE_AUTORELEASING = YES;
				CLANG_WARN_BOOL_CONVERSION = YES;
				CLANG_WARN_COMMA = YES;
				CLANG_WARN_CONSTANT_CONVERSION = YES;
				CLANG_WARN_DEPRECATED_OBJC_IMPLEMENTATIONS = YES;
				CLANG_WARN_DIRECT_OBJC_ISA_USAGE = YES_ERROR;
				CLANG_WARN_DOCUMENTATION_COMMENTS = YES;
				CLANG_WARN_EMPTY_BODY = YES;
				CLANG_WARN_ENUM_CONVERSION = YES;
				CLANG_WARN_INFINITE_RECURSION = YES;
				CLANG_WARN_INT_CONVERSION = YES;
				CLANG_WARN_NON_LITERAL_NULL_CONVERSION = YES;
				CLANG_WARN_OBJC_IMPLICIT_RETAIN_SELF = YES;
				CLANG_WARN_OBJC_LITERAL_CONVERSION = YES;
				CLANG_WARN_OBJC_ROOT_CLASS = YES_ERROR;
				CLANG_WARN_QUOTED_INCLUDE_IN_FRAMEWORK_HEADER = YES;
				CLANG_WARN_RANGE_LOOP_ANALYSIS = YES;
				CLANG_WARN_STRICT_PROTOTYPES = YES;
				CLANG_WARN_SUSPICIOUS_MOVE = YES;
				CLANG_WARN_UNGUARDED_AVAILABILITY = YES_AGGRESSIVE;
				CLANG_WARN_UNREACHABLE_CODE = YES;
				CLANG_WARN__DUPLICATE_METHOD_MATCH = YES;
				COPY_PHASE_STRIP = NO;
				DEBUG_INFORMATION_FORMAT = dwarf;
				ENABLE_STRICT_OBJC_MSGSEND = YES;
				ENABLE_TESTABILITY = YES;
				ENABLE_USER_SCRIPT_SANDBOXING = YES;
				GCC_C_LANGUAGE_STANDARD = gnu17;
				GCC_DYNAMIC_NO_PIC = NO;
				GCC_NO_COMMON_BLOCKS = YES;
				GCC_OPTIMIZATION_LEVEL = 0;
				GCC_PREPROCESSOR_DEFINITIONS = (
					"DEBUG=1",
					"$(inherited)",
				);
				GCC_WARN_64_TO_32_BIT_CONVERSION = YES;
				GCC_WARN_ABOUT_RETURN_TYPE = YES_ERROR;
				GCC_WARN_UNDECLARED_SELECTOR = YES;
				GCC_WARN_UNINITIALIZED_AUTOS = YES_AGGRESSIVE;
				GCC_WARN_UNUSED_FUNCTION = YES;
				GCC_WARN_UNUSED_VARIABLE = YES;
				IPHONEOS_DEPLOYMENT_TARGET = 17.0;
				LOCALIZATION_PREFERS_STRING_CATALOGS = YES;
				MTL_ENABLE_DEBUG_INFO = INCLUDE_SOURCE;
				MTL_FAST_MATH = YES;
				ONLY_ACTIVE_ARCH = YES;
				SWIFT_ACTIVE_COMPILATION_CONDITIONS = "DEBUG $(inherited)";
				SWIFT_OPTIMIZATION_LEVEL = "-Onone";
				WATCHOS_DEPLOYMENT_TARGET = 10.0;
			};
			name = Debug;
		};
		46AC29E12B55A3C70087C7E4 /* Release */ = {
			isa = XCBuildConfiguration;
			buildSettings = {
				ALWAYS_SEARCH_USER_PATHS = NO;
				ASSETCATALOG_COMPILER_GENERATE_SWIFT_ASSET_SYMBOL_EXTENSIONS = YES;
				CLANG_ANALYZER_NONNULL = YES;
				CLANG_ANALYZER_NUMBER_OBJECT_CONVERSION = YES_AGGRESSIVE;
				CLANG_CXX_LANGUAGE_STANDARD = "gnu++20";
				CLANG_ENABLE_MODULES = YES;
				CLANG_ENABLE_OBJC_ARC = YES;
				CLANG_ENABLE_OBJC_WEAK = YES;
				CLANG_WARN_BLOCK_CAPTURE_AUTORELEASING = YES;
				CLANG_WARN_BOOL_CONVERSION = YES;
				CLANG_WARN_COMMA = YES;
				CLANG_WARN_CONSTANT_CONVERSION = YES;
				CLANG_WARN_DEPRECATED_OBJC_IMPLEMENTATIONS = YES;
				CLANG_WARN_DIRECT_OBJC_ISA_USAGE = YES_ERROR;
				CLANG_WARN_DOCUMENTATION_COMMENTS = YES;
				CLANG_WARN_EMPTY_BODY = YES;
				CLANG_WARN_ENUM_CONVERSION = YES;
				CLANG_WARN_INFINITE_RECURSION = YES;
				CLANG_WARN_INT_CONVERSION = YES;
				CLANG_WARN_NON_LITERAL_NULL_CONVERSION = YES;
				CLANG_WARN_OBJC_IMPLICIT_RETAIN_SELF = YES;
				CLANG_WARN_OBJC_LITERAL_CONVERSION = YES;
				CLANG_WARN_OBJC_ROOT_CLASS = YES_ERROR;
				CLANG_WARN_QUOTED_INCLUDE_IN_FRAMEWORK_HEADER = YES;
				CLANG_WARN_RANGE_LOOP_ANALYSIS = YES;
				CLANG_WARN_STRICT_PROTOTYPES = YES;
				CLANG_WARN_SUSPICIOUS_MOVE = YES;
				CLANG_WARN_UNGUARDED_AVAILABILITY = YES_AGGRESSIVE;
				CLANG_WARN_UNREACHABLE_CODE = YES;
				CLANG_WARN__DUPLICATE_METHOD_MATCH = YES;
				COPY_PHASE_STRIP = NO;
				DEBUG_INFORMATION_FORMAT = "dwarf-with-dsym";
				ENABLE_NS_ASSERTIONS = NO;
				ENABLE_STRICT_OBJC_MSGSEND = YES;
				ENABLE_USER_SCRIPT_SANDBOXING = YES;
				GCC_C_LANGUAGE_STANDARD = gnu17;
				GCC_NO_COMMON_BLOCKS = YES;
				GCC_WARN_64_TO_32_BIT_CONVERSION = YES;
				GCC_WARN_ABOUT_RETURN_TYPE = YES_ERROR;
				GCC_WARN_UNDECLARED_SELECTOR = YES;
				GCC_WARN_UNINITIALIZED_AUTOS = YES_AGGRESSIVE;
				GCC_WARN_UNUSED_FUNCTION = YES;
				GCC_WARN_UNUSED_VARIABLE = YES;
				IPHONEOS_DEPLOYMENT_TARGET = 17.0;
				LOCALIZATION_PREFERS_STRING_CATALOGS = YES;
				MTL_ENABLE_DEBUG_INFO = NO;
				MTL_FAST_MATH = YES;
				SWIFT_COMPILATION_MODE = wholemodule;
				WATCHOS_DEPLOYMENT_TARGET = 10.0;
			};
			name = Release;
		};
		46AC29E32B55A3C70087C7E4 /* Debug */ = {
			isa = XCBuildConfiguration;
			buildSettings = {
				ASSETCATALOG_COMPILER_APPICON_NAME = AppIcon;
				ASSETCATALOG_COMPILER_GLOBAL_ACCENT_COLOR_NAME = AccentColor;
				CLANG_ENABLE_MODULES = YES;
				CODE_SIGN_STYLE = Automatic;
				CURRENT_PROJECT_VERSION = 1;
				DEVELOPMENT_ASSET_PATHS = "\"YouHaveArrived Watch App/Preview Content\"";
				DEVELOPMENT_TEAM = 7997G399U7;
				ENABLE_PREVIEWS = YES;
				GENERATE_INFOPLIST_FILE = YES;
				INFOPLIST_FILE = "YouHaveArrived-Watch-App-Info.plist";
				INFOPLIST_KEY_CFBundleDisplayName = YouHaveArrived;
				INFOPLIST_KEY_UISupportedInterfaceOrientations = "UIInterfaceOrientationPortrait UIInterfaceOrientationPortraitUpsideDown";
				INFOPLIST_KEY_WKCompanionAppBundleIdentifier = duz.ie.YouHaveArrived;
				INFOPLIST_KEY_WKRunsIndependentlyOfCompanionApp = YES;
				LD_RUNPATH_SEARCH_PATHS = (
					"$(inherited)",
					"@executable_path/Frameworks",
				);
				MARKETING_VERSION = 0.5;
				PRODUCT_BUNDLE_IDENTIFIER = duz.ie.YouHaveArrived.watchkitapp;
				PRODUCT_NAME = "$(TARGET_NAME)";
				SDKROOT = watchos;
				SKIP_INSTALL = YES;
				SWIFT_EMIT_LOC_STRINGS = YES;
				SWIFT_OPTIMIZATION_LEVEL = "-Onone";
				SWIFT_VERSION = 5.0;
				TARGETED_DEVICE_FAMILY = 4;
				WATCHOS_DEPLOYMENT_TARGET = 10.0;
			};
			name = Debug;
		};
		46AC29E42B55A3C70087C7E4 /* Release */ = {
			isa = XCBuildConfiguration;
			buildSettings = {
				ASSETCATALOG_COMPILER_APPICON_NAME = AppIcon;
				ASSETCATALOG_COMPILER_GLOBAL_ACCENT_COLOR_NAME = AccentColor;
				CLANG_ENABLE_MODULES = YES;
				CODE_SIGN_STYLE = Automatic;
				CURRENT_PROJECT_VERSION = 1;
				DEVELOPMENT_ASSET_PATHS = "\"YouHaveArrived Watch App/Preview Content\"";
				DEVELOPMENT_TEAM = 7997G399U7;
				ENABLE_PREVIEWS = YES;
				GENERATE_INFOPLIST_FILE = YES;
				INFOPLIST_FILE = "YouHaveArrived-Watch-App-Info.plist";
				INFOPLIST_KEY_CFBundleDisplayName = YouHaveArrived;
				INFOPLIST_KEY_UISupportedInterfaceOrientations = "UIInterfaceOrientationPortrait UIInterfaceOrientationPortraitUpsideDown";
				INFOPLIST_KEY_WKCompanionAppBundleIdentifier = duz.ie.YouHaveArrived;
				INFOPLIST_KEY_WKRunsIndependentlyOfCompanionApp = YES;
				LD_RUNPATH_SEARCH_PATHS = (
					"$(inherited)",
					"@executable_path/Frameworks",
				);
				MARKETING_VERSION = 0.5;
				PRODUCT_BUNDLE_IDENTIFIER = duz.ie.YouHaveArrived.watchkitapp;
				PRODUCT_NAME = "$(TARGET_NAME)";
				SDKROOT = watchos;
				SKIP_INSTALL = YES;
				SWIFT_EMIT_LOC_STRINGS = YES;
				SWIFT_VERSION = 5.0;
				TARGETED_DEVICE_FAMILY = 4;
				VALIDATE_PRODUCT = YES;
				WATCHOS_DEPLOYMENT_TARGET = 10.0;
			};
			name = Release;
		};
		46AC29E72B55A3C70087C7E4 /* Debug */ = {
			isa = XCBuildConfiguration;
			buildSettings = {
				ALWAYS_EMBED_SWIFT_STANDARD_LIBRARIES = YES;
				ASSETCATALOG_COMPILER_APPICON_NAME = AppIcon;
				ASSETCATALOG_COMPILER_GLOBAL_ACCENT_COLOR_NAME = AccentColor;
				CODE_SIGN_STYLE = Automatic;
				CURRENT_PROJECT_VERSION = 1;
				DEVELOPMENT_ASSET_PATHS = "\"YouHaveArrived/Preview Content\"";
				DEVELOPMENT_TEAM = 7997G399U7;
				ENABLE_PREVIEWS = YES;
				GENERATE_INFOPLIST_FILE = YES;
				INFOPLIST_FILE = YouHaveArrived/Info.plist;
				INFOPLIST_KEY_CFBundleDisplayName = YouHaveArrived;
				INFOPLIST_KEY_LSApplicationCategoryType = "public.app-category.travel";
				INFOPLIST_KEY_UIApplicationSceneManifest_Generation = YES;
				INFOPLIST_KEY_UIApplicationSupportsIndirectInputEvents = YES;
				INFOPLIST_KEY_UILaunchScreen_Generation = YES;
				INFOPLIST_KEY_UISupportedInterfaceOrientations = UIInterfaceOrientationPortrait;
				INFOPLIST_KEY_UISupportedInterfaceOrientations_iPad = "UIInterfaceOrientationLandscapeLeft UIInterfaceOrientationLandscapeRight UIInterfaceOrientationPortrait UIInterfaceOrientationPortraitUpsideDown";
				IPHONEOS_DEPLOYMENT_TARGET = 17.0;
				LD_RUNPATH_SEARCH_PATHS = (
					"$(inherited)",
					"@executable_path/Frameworks",
				);
				MARKETING_VERSION = 1.0;
				PRODUCT_BUNDLE_IDENTIFIER = duz.ie.YouHaveArrived;
				PRODUCT_NAME = "$(TARGET_NAME)";
				SDKROOT = iphoneos;
				SUPPORTED_PLATFORMS = "iphoneos iphonesimulator";
				SUPPORTS_MACCATALYST = NO;
				SUPPORTS_MAC_DESIGNED_FOR_IPHONE_IPAD = NO;
				SUPPORTS_XR_DESIGNED_FOR_IPHONE_IPAD = NO;
				SWIFT_EMIT_LOC_STRINGS = YES;
				SWIFT_VERSION = 5.0;
				TARGETED_DEVICE_FAMILY = 1;
			};
			name = Debug;
		};
		46AC29E82B55A3C70087C7E4 /* Release */ = {
			isa = XCBuildConfiguration;
			buildSettings = {
				ALWAYS_EMBED_SWIFT_STANDARD_LIBRARIES = YES;
				ASSETCATALOG_COMPILER_APPICON_NAME = AppIcon;
				ASSETCATALOG_COMPILER_GLOBAL_ACCENT_COLOR_NAME = AccentColor;
				CODE_SIGN_STYLE = Automatic;
				CURRENT_PROJECT_VERSION = 1;
				DEVELOPMENT_ASSET_PATHS = "\"YouHaveArrived/Preview Content\"";
				DEVELOPMENT_TEAM = 7997G399U7;
				ENABLE_PREVIEWS = YES;
				GENERATE_INFOPLIST_FILE = YES;
				INFOPLIST_FILE = YouHaveArrived/Info.plist;
				INFOPLIST_KEY_CFBundleDisplayName = YouHaveArrived;
				INFOPLIST_KEY_LSApplicationCategoryType = "public.app-category.travel";
				INFOPLIST_KEY_UIApplicationSceneManifest_Generation = YES;
				INFOPLIST_KEY_UIApplicationSupportsIndirectInputEvents = YES;
				INFOPLIST_KEY_UILaunchScreen_Generation = YES;
				INFOPLIST_KEY_UISupportedInterfaceOrientations = UIInterfaceOrientationPortrait;
				INFOPLIST_KEY_UISupportedInterfaceOrientations_iPad = "UIInterfaceOrientationLandscapeLeft UIInterfaceOrientationLandscapeRight UIInterfaceOrientationPortrait UIInterfaceOrientationPortraitUpsideDown";
				IPHONEOS_DEPLOYMENT_TARGET = 17.0;
				LD_RUNPATH_SEARCH_PATHS = (
					"$(inherited)",
					"@executable_path/Frameworks",
				);
				MARKETING_VERSION = 1.0;
				PRODUCT_BUNDLE_IDENTIFIER = duz.ie.YouHaveArrived;
				PRODUCT_NAME = "$(TARGET_NAME)";
				SDKROOT = iphoneos;
				SUPPORTED_PLATFORMS = "iphoneos iphonesimulator";
				SUPPORTS_MACCATALYST = NO;
				SUPPORTS_MAC_DESIGNED_FOR_IPHONE_IPAD = NO;
				SUPPORTS_XR_DESIGNED_FOR_IPHONE_IPAD = NO;
				SWIFT_EMIT_LOC_STRINGS = YES;
				SWIFT_VERSION = 5.0;
				TARGETED_DEVICE_FAMILY = 1;
				VALIDATE_PRODUCT = YES;
			};
			name = Release;
		};
		46C735EA2B569AD500FD2039 /* Debug */ = {
			isa = XCBuildConfiguration;
			buildSettings = {
				CODE_SIGN_STYLE = Automatic;
				CURRENT_PROJECT_VERSION = 1;
				DEVELOPMENT_TEAM = 7997G399U7;
				GENERATE_INFOPLIST_FILE = YES;
				INFOPLIST_FILE = "Share from Apple Maps/Info.plist";
				INFOPLIST_KEY_CFBundleDisplayName = "Share from Apple Maps";
				INFOPLIST_KEY_NSHumanReadableCopyright = "";
				IPHONEOS_DEPLOYMENT_TARGET = 17.0;
				LD_RUNPATH_SEARCH_PATHS = (
					"$(inherited)",
					"@executable_path/Frameworks",
					"@executable_path/../../Frameworks",
				);
				MARKETING_VERSION = 1.0;
				PRODUCT_BUNDLE_IDENTIFIER = "duz.ie.YouHaveArrived.Share-from-Apple-Maps";
				PRODUCT_NAME = "$(TARGET_NAME)";
				SDKROOT = iphoneos;
				SKIP_INSTALL = YES;
				SUPPORTED_PLATFORMS = "iphoneos iphonesimulator";
				SUPPORTS_MACCATALYST = NO;
				SUPPORTS_MAC_DESIGNED_FOR_IPHONE_IPAD = NO;
				SUPPORTS_XR_DESIGNED_FOR_IPHONE_IPAD = NO;
				SWIFT_EMIT_LOC_STRINGS = YES;
				SWIFT_VERSION = 5.0;
				TARGETED_DEVICE_FAMILY = 1;
			};
			name = Debug;
		};
		46C735EB2B569AD500FD2039 /* Release */ = {
			isa = XCBuildConfiguration;
			buildSettings = {
				CODE_SIGN_STYLE = Automatic;
				CURRENT_PROJECT_VERSION = 1;
				DEVELOPMENT_TEAM = 7997G399U7;
				GENERATE_INFOPLIST_FILE = YES;
				INFOPLIST_FILE = "Share from Apple Maps/Info.plist";
				INFOPLIST_KEY_CFBundleDisplayName = "Share from Apple Maps";
				INFOPLIST_KEY_NSHumanReadableCopyright = "";
				IPHONEOS_DEPLOYMENT_TARGET = 17.0;
				LD_RUNPATH_SEARCH_PATHS = (
					"$(inherited)",
					"@executable_path/Frameworks",
					"@executable_path/../../Frameworks",
				);
				MARKETING_VERSION = 1.0;
				PRODUCT_BUNDLE_IDENTIFIER = "duz.ie.YouHaveArrived.Share-from-Apple-Maps";
				PRODUCT_NAME = "$(TARGET_NAME)";
				SDKROOT = iphoneos;
				SKIP_INSTALL = YES;
				SUPPORTED_PLATFORMS = "iphoneos iphonesimulator";
				SUPPORTS_MACCATALYST = NO;
				SUPPORTS_MAC_DESIGNED_FOR_IPHONE_IPAD = NO;
				SUPPORTS_XR_DESIGNED_FOR_IPHONE_IPAD = NO;
				SWIFT_EMIT_LOC_STRINGS = YES;
				SWIFT_VERSION = 5.0;
				TARGETED_DEVICE_FAMILY = 1;
				VALIDATE_PRODUCT = YES;
			};
			name = Release;
		};
/* End XCBuildConfiguration section */

/* Begin XCConfigurationList section */
		46AC29BD2B55A3C40087C7E4 /* Build configuration list for PBXProject "YouHaveArrived" */ = {
			isa = XCConfigurationList;
			buildConfigurations = (
				46AC29E02B55A3C70087C7E4 /* Debug */,
				46AC29E12B55A3C70087C7E4 /* Release */,
			);
			defaultConfigurationIsVisible = 0;
			defaultConfigurationName = Release;
		};
		46AC29E22B55A3C70087C7E4 /* Build configuration list for PBXNativeTarget "YouHaveArrived Watch App" */ = {
			isa = XCConfigurationList;
			buildConfigurations = (
				46AC29E32B55A3C70087C7E4 /* Debug */,
				46AC29E42B55A3C70087C7E4 /* Release */,
			);
			defaultConfigurationIsVisible = 0;
			defaultConfigurationName = Release;
		};
		46AC29E62B55A3C70087C7E4 /* Build configuration list for PBXNativeTarget "YouHaveArrived" */ = {
			isa = XCConfigurationList;
			buildConfigurations = (
				46AC29E72B55A3C70087C7E4 /* Debug */,
				46AC29E82B55A3C70087C7E4 /* Release */,
			);
			defaultConfigurationIsVisible = 0;
			defaultConfigurationName = Release;
		};
		46C735EC2B569AD500FD2039 /* Build configuration list for PBXNativeTarget "Share from Apple Maps" */ = {
			isa = XCConfigurationList;
			buildConfigurations = (
				46C735EA2B569AD500FD2039 /* Debug */,
				46C735EB2B569AD500FD2039 /* Release */,
			);
			defaultConfigurationIsVisible = 0;
			defaultConfigurationName = Release;
		};
/* End XCConfigurationList section */
	};
	rootObject = 46AC29BA2B55A3C40087C7E4 /* Project object */;
}
